
Microsoft Visual Studio Solution File, Format Version 12.00
# Visual Studio Version 17
VisualStudioVersion = 17.14.36518.9 d17.14
MinimumVisualStudioVersion = 10.0.40219.1
Project("{2150E333-8FDC-42A3-9474-1A3956D46DE8}") = "Task0", "Task0", "{36D591C7-65C7-A0D1-1CBC-10CDE441BDC8}"
EndProject
Project("{FAE04EC0-301F-11D3-BF4B-00C04F79EFBC}") = "Tyuiu.SushchikIA.Sprint3.Task0.V9.Test", "Tyuiu.SushchikIA.Sprint3.Task0.V9.Test\Tyuiu.SushchikIA.Sprint3.Task0.V9.Test.csproj", "{F2759C0D-0506-45C8-93B4-26C137F85A37}"
EndProject
Project("{FAE04EC0-301F-11D3-BF4B-00C04F79EFBC}") = "Tyuiu.SushchikIA.Sprint3.Task0.V9", "Tyuiu.SushchikIA.Sprint3.Task0.V9\Tyuiu.SushchikIA.Sprint3.Task0.V9.csproj", "{4DC0A4F2-3A7F-4D4A-AA27-953B306682BC}"
EndProject
Project("{FAE04EC0-301F-11D3-BF4B-00C04F79EFBC}") = "Tyuiu.SushchikIA.Sprint3.Task0.V9.Lib", "Tyuiu.SushchikIA.Sprint3.Task0.V9.Lib\Tyuiu.SushchikIA.Sprint3.Task0.V9.Lib.csproj", "{3EF8DFCD-BB53-4461-80B5-93A45E5F6170}"
EndProject
Project("{2150E333-8FDC-42A3-9474-1A3956D46DE8}") = "Task1", "Task1", "{78A76DEC-5364-4A20-B6B0-B02C759555CC}"
EndProject
Project("{FAE04EC0-301F-11D3-BF4B-00C04F79EFBC}") = "Tyuiu.SushchikIA.Sprint3.Task1.V29.Lib", "Tyuiu.SushchikIA.Sprint3.Task1.V29.Lib\Tyuiu.SushchikIA.Sprint3.Task1.V29.Lib.csproj", "{685E4503-F412-4361-B596-38FF4E05DD4F}"
EndProject
Project("{FAE04EC0-301F-11D3-BF4B-00C04F79EFBC}") = "Tyuiu.SushchikIA.Sprint3.Task1.V29", "Tyuiu.SushchikIA.Sprint3.Task1.V29\Tyuiu.SushchikIA.Sprint3.Task1.V29.csproj", "{921C25EC-7AED-4C15-AA7F-C2040E0FD16F}"
EndProject
Project("{FAE04EC0-301F-11D3-BF4B-00C04F79EFBC}") = "Tyuiu.SushchikIA.Sprint3.Task1.V29.Test", "Tyuiu.SushchikIA.Sprint3.Task1.V29.Test\Tyuiu.SushchikIA.Sprint3.Task1.V29.Test.csproj", "{DDE586AB-0A6F-4C64-B266-D39DDEE12105}"
EndProject
Project("{2150E333-8FDC-42A3-9474-1A3956D46DE8}") = "Task2", "Task2", "{369D3757-D30D-41A9-A5F9-4FC63D69BAEA}"
EndProject
Project("{FAE04EC0-301F-11D3-BF4B-00C04F79EFBC}") = "Tyuiu.SushchikIA.Sprint3.Task2.V24.Test", "Tyuiu.SushchikIA.Sprint3.Task2.V24.Test\Tyuiu.SushchikIA.Sprint3.Task2.V24.Test.csproj", "{5D4E5584-CF95-4B79-8FBD-E14BA636FB1F}"
EndProject
Project("{FAE04EC0-301F-11D3-BF4B-00C04F79EFBC}") = "Tyuiu.SushchikIA.Sprint3.Task2.V24", "Tyuiu.SushchikIA.Sprint3.Task2.V24\Tyuiu.SushchikIA.Sprint3.Task2.V24.csproj", "{6E0E426E-5F38-4B27-B709-3EEED73ACACA}"
EndProject
Project("{FAE04EC0-301F-11D3-BF4B-00C04F79EFBC}") = "Tyuiu.SushchikIA.Sprint3.Task2.V24.Lib", "Tyuiu.SushchikIA.Sprint3.Task2.V24.Lib\Tyuiu.SushchikIA.Sprint3.Task2.V24.Lib.csproj", "{BF9B4F15-2FC4-4B8A-8602-0446CD792F5D}"
EndProject
Project("{2150E333-8FDC-42A3-9474-1A3956D46DE8}") = "Task3", "Task3", "{5F002E58-3D0B-41B2-A962-AB0202755357}"
EndProject
Project("{FAE04EC0-301F-11D3-BF4B-00C04F79EFBC}") = "Tyuiu.SushchikIA.Sprint3.Task3.V9.Lib", "Tyuiu.SushchikIA.Sprint3.Task3.V9.Lib\Tyuiu.SushchikIA.Sprint3.Task3.V9.Lib.csproj", "{B3178298-ABD5-460A-80C9-5DFBE3D1D44D}"
EndProject
Project("{FAE04EC0-301F-11D3-BF4B-00C04F79EFBC}") = "Tyuiu.SushchikIA.Sprint3.Task3.V9", "Tyuiu.SushchikIA.Sprint3.Task3.V9\Tyuiu.SushchikIA.Sprint3.Task3.V9.csproj", "{5D6AB213-761E-478C-99B0-A0415F84B541}"
EndProject
Project("{FAE04EC0-301F-11D3-BF4B-00C04F79EFBC}") = "Tyuiu.SushchikIA.Sprint3.Task3.V9.Test", "Tyuiu.SushchikIA.Sprint3.Task3.V9.Test\Tyuiu.SushchikIA.Sprint3.Task3.V9.Test.csproj", "{024BB42C-9196-4053-883D-82CEF34B2480}"
EndProject
Project("{2150E333-8FDC-42A3-9474-1A3956D46DE8}") = "Task4", "Task4", "{A58D7B2D-082A-467F-8BBC-F89C96B47765}"
EndProject
Project("{FAE04EC0-301F-11D3-BF4B-00C04F79EFBC}") = "Tyuiu.SushchikIA.Sprint3.Task4.V8.Test", "Tyuiu.SushchikIA.Sprint3.Task4.V8.Test\Tyuiu.SushchikIA.Sprint3.Task4.V8.Test.csproj", "{2F92BFFE-7FF5-4CD8-B69A-E57323349C42}"
EndProject
Project("{FAE04EC0-301F-11D3-BF4B-00C04F79EFBC}") = "Tyuiu.SushchikIA.Sprint3.Task4.V8", "Tyuiu.SushchikIA.Sprint3.Task4.V8\Tyuiu.SushchikIA.Sprint3.Task4.V8.csproj", "{80F75345-31AD-44B1-9A96-1D9A413A7192}"
EndProject
Project("{FAE04EC0-301F-11D3-BF4B-00C04F79EFBC}") = "Tyuiu.SushchikIA.Sprint3.Task4.V8.Lib", "Tyuiu.SushchikIA.Sprint3.Task4.V8.Lib\Tyuiu.SushchikIA.Sprint3.Task4.V8.Lib.csproj", "{FDFBC3A0-EFAA-4851-AF44-7751C0B9884B}"
EndProject
Project("{2150E333-8FDC-42A3-9474-1A3956D46DE8}") = "Task6", "Task6", "{77B0DFC2-F5C8-45E4-A8BD-984E18D517F7}"
EndProject
Project("{FAE04EC0-301F-11D3-BF4B-00C04F79EFBC}") = "Tyuiu.SushchikIA.Sprint3.Task6.V13.Test", "Tyuiu.SushchikIA.Sprint3.Task6.V13.Test\Tyuiu.SushchikIA.Sprint3.Task6.V13.Test.csproj", "{02E223A6-07A0-4E36-BFCF-6562F1AB97EA}"
EndProject
Project("{FAE04EC0-301F-11D3-BF4B-00C04F79EFBC}") = "Tyuiu.SushchikIA.Sprint3.Task6.V13", "Tyuiu.SushchikIA.Sprint3.Task6.V13\Tyuiu.SushchikIA.Sprint3.Task6.V13.csproj", "{1F3CC662-77A0-43CF-AB61-82F2D039BC1F}"
EndProject
Project("{FAE04EC0-301F-11D3-BF4B-00C04F79EFBC}") = "Tyuiu.SushchikIA.Sprint3.Task6.V13.Lib", "Tyuiu.SushchikIA.Sprint3.Task6.V13.Lib\Tyuiu.SushchikIA.Sprint3.Task6.V13.Lib.csproj", "{F2EEE6DF-A95A-4D0A-B671-D03D725F4332}"
EndProject
Project("{2150E333-8FDC-42A3-9474-1A3956D46DE8}") = "Task7", "Task7", "{7A1C21EB-F33C-4F33-8A2D-B30B6BAEB61E}"
EndProject
Project("{FAE04EC0-301F-11D3-BF4B-00C04F79EFBC}") = "Tyuiu.SushchikIA.Sprint3.Task7.V22.Lib", "Tyuiu.SushchikIA.Sprint3.Task7.V22.Lib\Tyuiu.SushchikIA.Sprint3.Task7.V22.Lib.csproj", "{A9DEF8D5-0CDD-459A-8FED-DDA03B3624CE}"
EndProject
Project("{FAE04EC0-301F-11D3-BF4B-00C04F79EFBC}") = "Tyuiu.SushchikIA.Sprint3.Task7.V22.Test", "Tyuiu.SushchikIA.Sprint3.Task7.V22.Test\Tyuiu.SushchikIA.Sprint3.Task7.V22.Test.csproj", "{E5900493-99E5-4B89-8AE3-F9267B7D9624}"
EndProject
Project("{FAE04EC0-301F-11D3-BF4B-00C04F79EFBC}") = "Tyuiu.SushchikIA.Sprint3.Task7.V22", "Tyuiu.SushchikIA.Sprint3.Task7.V22\Tyuiu.SushchikIA.Sprint3.Task7.V22.csproj", "{9100A2A6-9C98-4FBD-8EB0-006BD20A6CC2}"
EndProject
Project("{2150E333-8FDC-42A3-9474-1A3956D46DE8}") = "Task5", "Task5", "{515ECF65-FDE2-45A7-8FAF-051695134BBC}"
EndProject
Project("{FAE04EC0-301F-11D3-BF4B-00C04F79EFBC}") = "Tyuiu.SushchikIA.Sprint3.Task5.V7", "Tyuiu.SushchikIA.Sprint3.Task5.V7\Tyuiu.SushchikIA.Sprint3.Task5.V7.csproj", "{719F4317-F49C-4953-995E-2E862D981ACA}"
EndProject
Project("{FAE04EC0-301F-11D3-BF4B-00C04F79EFBC}") = "Tyuiu.SushchikIA.Sprint3.Task5.V7.Test", "Tyuiu.SushchikIA.Sprint3.Task5.V7.Test\Tyuiu.SushchikIA.Sprint3.Task5.V7.Test.csproj", "{06F71BBF-2FCE-4100-9C3F-01419575E336}"
EndProject
Project("{FAE04EC0-301F-11D3-BF4B-00C04F79EFBC}") = "Tyuiu.SushchikIA.Sprint3.Task5.V7.Lib", "Tyuiu.SushchikIA.Sprint3.Task5.V7.Lib\Tyuiu.SushchikIA.Sprint3.Task5.V7.Lib.csproj", "{75DEA7E2-BCBC-4DD5-AEAB-3FEE67F79BCC}"
EndProject
Global
	GlobalSection(SolutionConfigurationPlatforms) = preSolution
		Debug|Any CPU = Debug|Any CPU
		Release|Any CPU = Release|Any CPU
	EndGlobalSection
	GlobalSection(ProjectConfigurationPlatforms) = postSolution
		{F2759C0D-0506-45C8-93B4-26C137F85A37}.Debug|Any CPU.ActiveCfg = Debug|Any CPU
		{F2759C0D-0506-45C8-93B4-26C137F85A37}.Debug|Any CPU.Build.0 = Debug|Any CPU
		{F2759C0D-0506-45C8-93B4-26C137F85A37}.Release|Any CPU.ActiveCfg = Release|Any CPU
		{F2759C0D-0506-45C8-93B4-26C137F85A37}.Release|Any CPU.Build.0 = Release|Any CPU
		{4DC0A4F2-3A7F-4D4A-AA27-953B306682BC}.Debug|Any CPU.ActiveCfg = Debug|Any CPU
		{4DC0A4F2-3A7F-4D4A-AA27-953B306682BC}.Debug|Any CPU.Build.0 = Debug|Any CPU
		{4DC0A4F2-3A7F-4D4A-AA27-953B306682BC}.Release|Any CPU.ActiveCfg = Release|Any CPU
		{4DC0A4F2-3A7F-4D4A-AA27-953B306682BC}.Release|Any CPU.Build.0 = Release|Any CPU
		{3EF8DFCD-BB53-4461-80B5-93A45E5F6170}.Debug|Any CPU.ActiveCfg = Debug|Any CPU
		{3EF8DFCD-BB53-4461-80B5-93A45E5F6170}.Debug|Any CPU.Build.0 = Debug|Any CPU
		{3EF8DFCD-BB53-4461-80B5-93A45E5F6170}.Release|Any CPU.ActiveCfg = Release|Any CPU
		{3EF8DFCD-BB53-4461-80B5-93A45E5F6170}.Release|Any CPU.Build.0 = Release|Any CPU
		{685E4503-F412-4361-B596-38FF4E05DD4F}.Debug|Any CPU.ActiveCfg = Debug|Any CPU
		{685E4503-F412-4361-B596-38FF4E05DD4F}.Debug|Any CPU.Build.0 = Debug|Any CPU
		{685E4503-F412-4361-B596-38FF4E05DD4F}.Release|Any CPU.ActiveCfg = Release|Any CPU
		{685E4503-F412-4361-B596-38FF4E05DD4F}.Release|Any CPU.Build.0 = Release|Any CPU
		{921C25EC-7AED-4C15-AA7F-C2040E0FD16F}.Debug|Any CPU.ActiveCfg = Debug|Any CPU
		{921C25EC-7AED-4C15-AA7F-C2040E0FD16F}.Debug|Any CPU.Build.0 = Debug|Any CPU
		{921C25EC-7AED-4C15-AA7F-C2040E0FD16F}.Release|Any CPU.ActiveCfg = Release|Any CPU
		{921C25EC-7AED-4C15-AA7F-C2040E0FD16F}.Release|Any CPU.Build.0 = Release|Any CPU
		{DDE586AB-0A6F-4C64-B266-D39DDEE12105}.Debug|Any CPU.ActiveCfg = Debug|Any CPU
		{DDE586AB-0A6F-4C64-B266-D39DDEE12105}.Debug|Any CPU.Build.0 = Debug|Any CPU
		{DDE586AB-0A6F-4C64-B266-D39DDEE12105}.Release|Any CPU.ActiveCfg = Release|Any CPU
		{DDE586AB-0A6F-4C64-B266-D39DDEE12105}.Release|Any CPU.Build.0 = Release|Any CPU
		{5D4E5584-CF95-4B79-8FBD-E14BA636FB1F}.Debug|Any CPU.ActiveCfg = Debug|Any CPU
		{5D4E5584-CF95-4B79-8FBD-E14BA636FB1F}.Debug|Any CPU.Build.0 = Debug|Any CPU
		{5D4E5584-CF95-4B79-8FBD-E14BA636FB1F}.Release|Any CPU.ActiveCfg = Release|Any CPU
		{5D4E5584-CF95-4B79-8FBD-E14BA636FB1F}.Release|Any CPU.Build.0 = Release|Any CPU
		{6E0E426E-5F38-4B27-B709-3EEED73ACACA}.Debug|Any CPU.ActiveCfg = Debug|Any CPU
		{6E0E426E-5F38-4B27-B709-3EEED73ACACA}.Debug|Any CPU.Build.0 = Debug|Any CPU
		{6E0E426E-5F38-4B27-B709-3EEED73ACACA}.Release|Any CPU.ActiveCfg = Release|Any CPU
		{6E0E426E-5F38-4B27-B709-3EEED73ACACA}.Release|Any CPU.Build.0 = Release|Any CPU
		{BF9B4F15-2FC4-4B8A-8602-0446CD792F5D}.Debug|Any CPU.ActiveCfg = Debug|Any CPU
		{BF9B4F15-2FC4-4B8A-8602-0446CD792F5D}.Debug|Any CPU.Build.0 = Debug|Any CPU
		{BF9B4F15-2FC4-4B8A-8602-0446CD792F5D}.Release|Any CPU.ActiveCfg = Release|Any CPU
		{BF9B4F15-2FC4-4B8A-8602-0446CD792F5D}.Release|Any CPU.Build.0 = Release|Any CPU
		{B3178298-ABD5-460A-80C9-5DFBE3D1D44D}.Debug|Any CPU.ActiveCfg = Debug|Any CPU
		{B3178298-ABD5-460A-80C9-5DFBE3D1D44D}.Debug|Any CPU.Build.0 = Debug|Any CPU
		{B3178298-ABD5-460A-80C9-5DFBE3D1D44D}.Release|Any CPU.ActiveCfg = Release|Any CPU
		{B3178298-ABD5-460A-80C9-5DFBE3D1D44D}.Release|Any CPU.Build.0 = Release|Any CPU
		{5D6AB213-761E-478C-99B0-A0415F84B541}.Debug|Any CPU.ActiveCfg = Debug|Any CPU
		{5D6AB213-761E-478C-99B0-A0415F84B541}.Debug|Any CPU.Build.0 = Debug|Any CPU
		{5D6AB213-761E-478C-99B0-A0415F84B541}.Release|Any CPU.ActiveCfg = Release|Any CPU
		{5D6AB213-761E-478C-99B0-A0415F84B541}.Release|Any CPU.Build.0 = Release|Any CPU
		{024BB42C-9196-4053-883D-82CEF34B2480}.Debug|Any CPU.ActiveCfg = Debug|Any CPU
		{024BB42C-9196-4053-883D-82CEF34B2480}.Debug|Any CPU.Build.0 = Debug|Any CPU
		{024BB42C-9196-4053-883D-82CEF34B2480}.Release|Any CPU.ActiveCfg = Release|Any CPU
		{024BB42C-9196-4053-883D-82CEF34B2480}.Release|Any CPU.Build.0 = Release|Any CPU
		{2F92BFFE-7FF5-4CD8-B69A-E57323349C42}.Debug|Any CPU.ActiveCfg = Debug|Any CPU
		{2F92BFFE-7FF5-4CD8-B69A-E57323349C42}.Debug|Any CPU.Build.0 = Debug|Any CPU
		{2F92BFFE-7FF5-4CD8-B69A-E57323349C42}.Release|Any CPU.ActiveCfg = Release|Any CPU
		{2F92BFFE-7FF5-4CD8-B69A-E57323349C42}.Release|Any CPU.Build.0 = Release|Any CPU
		{80F75345-31AD-44B1-9A96-1D9A413A7192}.Debug|Any CPU.ActiveCfg = Debug|Any CPU
		{80F75345-31AD-44B1-9A96-1D9A413A7192}.Debug|Any CPU.Build.0 = Debug|Any CPU
		{80F75345-31AD-44B1-9A96-1D9A413A7192}.Release|Any CPU.ActiveCfg = Release|Any CPU
		{80F75345-31AD-44B1-9A96-1D9A413A7192}.Release|Any CPU.Build.0 = Release|Any CPU
		{FDFBC3A0-EFAA-4851-AF44-7751C0B9884B}.Debug|Any CPU.ActiveCfg = Debug|Any CPU
		{FDFBC3A0-EFAA-4851-AF44-7751C0B9884B}.Debug|Any CPU.Build.0 = Debug|Any CPU
		{FDFBC3A0-EFAA-4851-AF44-7751C0B9884B}.Release|Any CPU.ActiveCfg = Release|Any CPU
		{FDFBC3A0-EFAA-4851-AF44-7751C0B9884B}.Release|Any CPU.Build.0 = Release|Any CPU
		{02E223A6-07A0-4E36-BFCF-6562F1AB97EA}.Debug|Any CPU.ActiveCfg = Debug|Any CPU
		{02E223A6-07A0-4E36-BFCF-6562F1AB97EA}.Debug|Any CPU.Build.0 = Debug|Any CPU
		{02E223A6-07A0-4E36-BFCF-6562F1AB97EA}.Release|Any CPU.ActiveCfg = Release|Any CPU
		{02E223A6-07A0-4E36-BFCF-6562F1AB97EA}.Release|Any CPU.Build.0 = Release|Any CPU
		{1F3CC662-77A0-43CF-AB61-82F2D039BC1F}.Debug|Any CPU.ActiveCfg = Debug|Any CPU
		{1F3CC662-77A0-43CF-AB61-82F2D039BC1F}.Debug|Any CPU.Build.0 = Debug|Any CPU
		{1F3CC662-77A0-43CF-AB61-82F2D039BC1F}.Release|Any CPU.ActiveCfg = Release|Any CPU
		{1F3CC662-77A0-43CF-AB61-82F2D039BC1F}.Release|Any CPU.Build.0 = Release|Any CPU
		{F2EEE6DF-A95A-4D0A-B671-D03D725F4332}.Debug|Any CPU.ActiveCfg = Debug|Any CPU
		{F2EEE6DF-A95A-4D0A-B671-D03D725F4332}.Debug|Any CPU.Build.0 = Debug|Any CPU
		{F2EEE6DF-A95A-4D0A-B671-D03D725F4332}.Release|Any CPU.ActiveCfg = Release|Any CPU
		{F2EEE6DF-A95A-4D0A-B671-D03D725F4332}.Release|Any CPU.Build.0 = Release|Any CPU
		{A9DEF8D5-0CDD-459A-8FED-DDA03B3624CE}.Debug|Any CPU.ActiveCfg = Debug|Any CPU
		{A9DEF8D5-0CDD-459A-8FED-DDA03B3624CE}.Debug|Any CPU.Build.0 = Debug|Any CPU
		{A9DEF8D5-0CDD-459A-8FED-DDA03B3624CE}.Release|Any CPU.ActiveCfg = Release|Any CPU
		{A9DEF8D5-0CDD-459A-8FED-DDA03B3624CE}.Release|Any CPU.Build.0 = Release|Any CPU
		{E5900493-99E5-4B89-8AE3-F9267B7D9624}.Debug|Any CPU.ActiveCfg = Debug|Any CPU
		{E5900493-99E5-4B89-8AE3-F9267B7D9624}.Debug|Any CPU.Build.0 = Debug|Any CPU
		{E5900493-99E5-4B89-8AE3-F9267B7D9624}.Release|Any CPU.ActiveCfg = Release|Any CPU
		{E5900493-99E5-4B89-8AE3-F9267B7D9624}.Release|Any CPU.Build.0 = Release|Any CPU
		{9100A2A6-9C98-4FBD-8EB0-006BD20A6CC2}.Debug|Any CPU.ActiveCfg = Debug|Any CPU
		{9100A2A6-9C98-4FBD-8EB0-006BD20A6CC2}.Debug|Any CPU.Build.0 = Debug|Any CPU
		{9100A2A6-9C98-4FBD-8EB0-006BD20A6CC2}.Release|Any CPU.ActiveCfg = Release|Any CPU
		{9100A2A6-9C98-4FBD-8EB0-006BD20A6CC2}.Release|Any CPU.Build.0 = Release|Any CPU
		{719F4317-F49C-4953-995E-2E862D981ACA}.Debug|Any CPU.ActiveCfg = Debug|Any CPU
		{719F4317-F49C-4953-995E-2E862D981ACA}.Debug|Any CPU.Build.0 = Debug|Any CPU
		{719F4317-F49C-4953-995E-2E862D981ACA}.Release|Any CPU.ActiveCfg = Release|Any CPU
		{719F4317-F49C-4953-995E-2E862D981ACA}.Release|Any CPU.Build.0 = Release|Any CPU
		{06F71BBF-2FCE-4100-9C3F-01419575E336}.Debug|Any CPU.ActiveCfg = Debug|Any CPU
		{06F71BBF-2FCE-4100-9C3F-01419575E336}.Debug|Any CPU.Build.0 = Debug|Any CPU
		{06F71BBF-2FCE-4100-9C3F-01419575E336}.Release|Any CPU.ActiveCfg = Release|Any CPU
		{06F71BBF-2FCE-4100-9C3F-01419575E336}.Release|Any CPU.Build.0 = Release|Any CPU
		{75DEA7E2-BCBC-4DD5-AEAB-3FEE67F79BCC}.Debug|Any CPU.ActiveCfg = Debug|Any CPU
		{75DEA7E2-BCBC-4DD5-AEAB-3FEE67F79BCC}.Debug|Any CPU.Build.0 = Debug|Any CPU
		{75DEA7E2-BCBC-4DD5-AEAB-3FEE67F79BCC}.Release|Any CPU.ActiveCfg = Release|Any CPU
		{75DEA7E2-BCBC-4DD5-AEAB-3FEE67F79BCC}.Release|Any CPU.Build.0 = Release|Any CPU
	EndGlobalSection
	GlobalSection(SolutionProperties) = preSolution
		HideSolutionNode = FALSE
	EndGlobalSection
	GlobalSection(NestedProjects) = preSolution
		{F2759C0D-0506-45C8-93B4-26C137F85A37} = {36D591C7-65C7-A0D1-1CBC-10CDE441BDC8}
		{4DC0A4F2-3A7F-4D4A-AA27-953B306682BC} = {36D591C7-65C7-A0D1-1CBC-10CDE441BDC8}
		{3EF8DFCD-BB53-4461-80B5-93A45E5F6170} = {36D591C7-65C7-A0D1-1CBC-10CDE441BDC8}
		{685E4503-F412-4361-B596-38FF4E05DD4F} = {78A76DEC-5364-4A20-B6B0-B02C759555CC}
		{921C25EC-7AED-4C15-AA7F-C2040E0FD16F} = {78A76DEC-5364-4A20-B6B0-B02C759555CC}
		{DDE586AB-0A6F-4C64-B266-D39DDEE12105} = {78A76DEC-5364-4A20-B6B0-B02C759555CC}
		{5D4E5584-CF95-4B79-8FBD-E14BA636FB1F} = {369D3757-D30D-41A9-A5F9-4FC63D69BAEA}
		{6E0E426E-5F38-4B27-B709-3EEED73ACACA} = {369D3757-D30D-41A9-A5F9-4FC63D69BAEA}
		{BF9B4F15-2FC4-4B8A-8602-0446CD792F5D} = {369D3757-D30D-41A9-A5F9-4FC63D69BAEA}
		{B3178298-ABD5-460A-80C9-5DFBE3D1D44D} = {5F002E58-3D0B-41B2-A962-AB0202755357}
		{5D6AB213-761E-478C-99B0-A0415F84B541} = {5F002E58-3D0B-41B2-A962-AB0202755357}
		{024BB42C-9196-4053-883D-82CEF34B2480} = {5F002E58-3D0B-41B2-A962-AB0202755357}
		{2F92BFFE-7FF5-4CD8-B69A-E57323349C42} = {A58D7B2D-082A-467F-8BBC-F89C96B47765}
		{80F75345-31AD-44B1-9A96-1D9A413A7192} = {A58D7B2D-082A-467F-8BBC-F89C96B47765}
		{FDFBC3A0-EFAA-4851-AF44-7751C0B9884B} = {A58D7B2D-082A-467F-8BBC-F89C96B47765}
		{02E223A6-07A0-4E36-BFCF-6562F1AB97EA} = {77B0DFC2-F5C8-45E4-A8BD-984E18D517F7}
		{1F3CC662-77A0-43CF-AB61-82F2D039BC1F} = {77B0DFC2-F5C8-45E4-A8BD-984E18D517F7}
		{F2EEE6DF-A95A-4D0A-B671-D03D725F4332} = {77B0DFC2-F5C8-45E4-A8BD-984E18D517F7}
		{A9DEF8D5-0CDD-459A-8FED-DDA03B3624CE} = {7A1C21EB-F33C-4F33-8A2D-B30B6BAEB61E}
		{E5900493-99E5-4B89-8AE3-F9267B7D9624} = {7A1C21EB-F33C-4F33-8A2D-B30B6BAEB61E}
		{9100A2A6-9C98-4FBD-8EB0-006BD20A6CC2} = {7A1C21EB-F33C-4F33-8A2D-B30B6BAEB61E}
		{719F4317-F49C-4953-995E-2E862D981ACA} = {515ECF65-FDE2-45A7-8FAF-051695134BBC}
		{06F71BBF-2FCE-4100-9C3F-01419575E336} = {515ECF65-FDE2-45A7-8FAF-051695134BBC}
		{75DEA7E2-BCBC-4DD5-AEAB-3FEE67F79BCC} = {515ECF65-FDE2-45A7-8FAF-051695134BBC}
	EndGlobalSection
	GlobalSection(ExtensibilityGlobals) = postSolution
		SolutionGuid = {641AEDB4-3520-4D92-9DFD-0DBA9A0CD888}
	EndGlobalSection
EndGlobal
